
Microsoft Visual Studio Solution File, Format Version 12.00
# Visual Studio Version 17
VisualStudioVersion = 17.14.36518.9
MinimumVisualStudioVersion = 10.0.40219.1
Project("{FAE04EC0-301F-11D3-BF4B-00C04F79EFBC}") = "Assigment 1", "Assignment 1\Assigment 1.csproj", "{E7D0AD72-957E-4F89-BDDE-7E042F65726B}"
EndProject
Global
	GlobalSection(SolutionConfigurationPlatforms) = preSolution
		Debug|Any CPU = Debug|Any CPU
		Release|Any CPU = Release|Any CPU
	EndGlobalSection
	GlobalSection(ProjectConfigurationPlatforms) = postSolution
		{E7D0AD72-957E-4F89-BDDE-7E042F65726B}.Debug|Any CPU.ActiveCfg = Debug|Any CPU
		{E7D0AD72-957E-4F89-BDDE-7E042F65726B}.Debug|Any CPU.Build.0 = Debug|Any CPU
		{E7D0AD72-957E-4F89-BDDE-7E042F65726B}.Release|Any CPU.ActiveCfg = Release|Any CPU
		{E7D0AD72-957E-4F89-BDDE-7E042F65726B}.Release|Any CPU.Build.0 = Release|Any CPU
	EndGlobalSection
	GlobalSection(SolutionProperties) = preSolution
		HideSolutionNode = FALSE
	EndGlobalSection
	GlobalSection(ExtensibilityGlobals) = postSolution
		SolutionGuid = {CEB71E57-9632-4AEB-8FC7-814E66706C4C}
	EndGlobalSection
EndGlobal
